Microsoft Visual Studio Solution File, Format Version 12.00
# Visual Studio Version 17
VisualStudioVersion = 17.5.2.0
MinimumVisualStudioVersion = 10.0.40219.1
Project("{FAE04EC0-301F-11D3-BF4B-00C04F79EFBC}") = "TerbinService", "TerbinService\TerbinService.csproj", "{CE10AC7E-AEAE-C30E-2398-8AD881D0A51F}"
EndProject
Project("{FAE04EC0-301F-11D3-BF4B-00C04F79EFBC}") = "SimulateClient", "SimulateClient\SimulateClient.csproj", "{2ECB6E39-79FF-A7CA-7385-6F2E752D2BE6}"
EndProject
Project("{FAE04EC0-301F-11D3-BF4B-00C04F79EFBC}") = "TerbinLibrary", "TerbinLibrary\TerbinLibrary.csproj", "{45ADB3A6-3B9A-AD01-8261-B62B7ABF0AB9}"
EndProject
Global
	GlobalSection(SolutionConfigurationPlatforms) = preSolution
		Debug|Any CPU = Debug|Any CPU
		Release|Any CPU = Release|Any CPU
	EndGlobalSection
	GlobalSection(ProjectConfigurationPlatforms) = postSolution
		{CE10AC7E-AEAE-C30E-2398-8AD881D0A51F}.Debug|Any CPU.ActiveCfg = Debug|Any CPU
		{CE10AC7E-AEAE-C30E-2398-8AD881D0A51F}.Debug|Any CPU.Build.0 = Debug|Any CPU
		{CE10AC7E-AEAE-C30E-2398-8AD881D0A51F}.Release|Any CPU.ActiveCfg = Release|Any CPU
		{CE10AC7E-AEAE-C30E-2398-8AD881D0A51F}.Release|Any CPU.Build.0 = Release|Any CPU
		{2ECB6E39-79FF-A7CA-7385-6F2E752D2BE6}.Debug|Any CPU.ActiveCfg = Debug|Any CPU
		{2ECB6E39-79FF-A7CA-7385-6F2E752D2BE6}.Debug|Any CPU.Build.0 = Debug|Any CPU
		{2ECB6E39-79FF-A7CA-7385-6F2E752D2BE6}.Release|Any CPU.ActiveCfg = Release|Any CPU
		{2ECB6E39-79FF-A7CA-7385-6F2E752D2BE6}.Release|Any CPU.Build.0 = Release|Any CPU
		{45ADB3A6-3B9A-AD01-8261-B62B7ABF0AB9}.Debug|Any CPU.ActiveCfg = Debug|Any CPU
		{45ADB3A6-3B9A-AD01-8261-B62B7ABF0AB9}.Debug|Any CPU.Build.0 = Debug|Any CPU
		{45ADB3A6-3B9A-AD01-8261-B62B7ABF0AB9}.Release|Any CPU.ActiveCfg = Release|Any CPU
		{45ADB3A6-3B9A-AD01-8261-B62B7ABF0AB9}.Release|Any CPU.Build.0 = Release|Any CPU
	EndGlobalSection
	GlobalSection(SolutionProperties) = preSolution
		HideSolutionNode = FALSE
	EndGlobalSection
	GlobalSection(ExtensibilityGlobals) = postSolution
		SolutionGuid = {19932AAB-39A0-408B-8BEF-B7DDFD46E3BE}
	EndGlobalSection
EndGlobal
